// !$*UTF8*$!
{
	archiveVersion = 1;
	classes = {
	};
	objectVersion = 51;
	objects = {

/* Begin PBXBuildFile section */
		42DADB8B4F414A9F88394B87 /* Pods_BulletJournal.framework in Frameworks */ = {isa = PBXBuildFile; fileRef = 33F15194C48C1C31F0C664CB /* Pods_BulletJournal.framework */; };
		519082F5F5AAB4E5137FAC4D /* Pods_BulletJournalTests.framework in Frameworks */ = {isa = PBXBuildFile; fileRef = 966C6BFF9ABE8CCCEB6CB2B1 /* Pods_BulletJournalTests.framework */; };
		562C166E47EFE057852FE998 /* Pods_BulletJournal_BulletJournalUITests.framework in Frameworks */ = {isa = PBXBuildFile; fileRef = 1D17FDA2B4C906CA86613658 /* Pods_BulletJournal_BulletJournalUITests.framework */; };
		94E35965269DE7EB00BE6A09 /* AppDelegate.m in Sources */ = {isa = PBXBuildFile; fileRef = 94E35964269DE7EB00BE6A09 /* AppDelegate.m */; };
		94E35968269DE7EB00BE6A09 /* SceneDelegate.m in Sources */ = {isa = PBXBuildFile; fileRef = 94E35967269DE7EB00BE6A09 /* SceneDelegate.m */; };
		94E3596E269DE7EB00BE6A09 /* Main.storyboard in Resources */ = {isa = PBXBuildFile; fileRef = 94E3596C269DE7EB00BE6A09 /* Main.storyboard */; };
		94E35970269DE7EC00BE6A09 /* Assets.xcassets in Resources */ = {isa = PBXBuildFile; fileRef = 94E3596F269DE7EC00BE6A09 /* Assets.xcassets */; };
		94E35973269DE7EC00BE6A09 /* LaunchScreen.storyboard in Resources */ = {isa = PBXBuildFile; fileRef = 94E35971269DE7EC00BE6A09 /* LaunchScreen.storyboard */; };
		94E35976269DE7EC00BE6A09 /* main.m in Sources */ = {isa = PBXBuildFile; fileRef = 94E35975269DE7EC00BE6A09 /* main.m */; };
		94E35980269DE7EC00BE6A09 /* BulletJournalTests.m in Sources */ = {isa = PBXBuildFile; fileRef = 94E3597F269DE7EC00BE6A09 /* BulletJournalTests.m */; };
		94E3598B269DE7EC00BE6A09 /* BulletJournalUITests.m in Sources */ = {isa = PBXBuildFile; fileRef = 94E3598A269DE7EC00BE6A09 /* BulletJournalUITests.m */; };
		94E3599B269F554F00BE6A09 /* HomeViewController.m in Sources */ = {isa = PBXBuildFile; fileRef = 94E3599A269F554F00BE6A09 /* HomeViewController.m */; };
		94E3599E269F5F9400BE6A09 /* LoginViewController.m in Sources */ = {isa = PBXBuildFile; fileRef = 94E3599D269F5F9400BE6A09 /* LoginViewController.m */; };
		94E359A1269F5FD900BE6A09 /* DailyTodoViewController.m in Sources */ = {isa = PBXBuildFile; fileRef = 94E359A0269F5FD900BE6A09 /* DailyTodoViewController.m */; };
		94E359A4269F5FEC00BE6A09 /* DailyReviewViewController.m in Sources */ = {isa = PBXBuildFile; fileRef = 94E359A3269F5FEC00BE6A09 /* DailyReviewViewController.m */; };
		94E359A7269F600600BE6A09 /* CollectionsViewController.m in Sources */ = {isa = PBXBuildFile; fileRef = 94E359A6269F600600BE6A09 /* CollectionsViewController.m */; };
		94E359AB26A0EE6800BE6A09 /* Bullet.m in Sources */ = {isa = PBXBuildFile; fileRef = 94E359AA26A0EE6800BE6A09 /* Bullet.m */; };
		94E359AE26A0EE9600BE6A09 /* BulletCell.m in Sources */ = {isa = PBXBuildFile; fileRef = 94E359AD26A0EE9600BE6A09 /* BulletCell.m */; };
		94E359B426A0EFEC00BE6A09 /* Flair.m in Sources */ = {isa = PBXBuildFile; fileRef = 94E359B326A0EFEC00BE6A09 /* Flair.m */; };
		94E359B726A0F59800BE6A09 /* User.m in Sources */ = {isa = PBXBuildFile; fileRef = 94E359B626A0F59800BE6A09 /* User.m */; };
		94E359BA26A5C31800BE6A09 /* CalendarViewController.m in Sources */ = {isa = PBXBuildFile; fileRef = 94E359B926A5C31800BE6A09 /* CalendarViewController.m */; };
		94E359BD26A5D82200BE6A09 /* AddBulletViewController.m in Sources */ = {isa = PBXBuildFile; fileRef = 94E359BC26A5D82200BE6A09 /* AddBulletViewController.m */; };
		94E359C026A6175400BE6A09 /* EditBulletViewController.m in Sources */ = {isa = PBXBuildFile; fileRef = 94E359BF26A6175400BE6A09 /* EditBulletViewController.m */; };
/* End PBXBuildFile section */

/* Begin PBXContainerItemProxy section */
		94E3597C269DE7EC00BE6A09 /* PBXContainerItemProxy */ = {
			isa = PBXContainerItemProxy;
			containerPortal = 94E35958269DE7EB00BE6A09 /* Project object */;
			proxyType = 1;
			remoteGlobalIDString = 94E3595F269DE7EB00BE6A09;
			remoteInfo = BulletJournal;
		};
		94E35987269DE7EC00BE6A09 /* PBXContainerItemProxy */ = {
			isa = PBXContainerItemProxy;
			containerPortal = 94E35958269DE7EB00BE6A09 /* Project object */;
			proxyType = 1;
			remoteGlobalIDString = 94E3595F269DE7EB00BE6A09;
			remoteInfo = BulletJournal;
		};
/* End PBXContainerItemProxy section */

/* Begin PBXFileReference section */
		1D17FDA2B4C906CA86613658 /* Pods_BulletJournal_BulletJournalUITests.framework */ = {isa = PBXFileReference; explicitFileType = wrapper.framework; includeInIndex = 0; path = Pods_BulletJournal_BulletJournalUITests.framework; sourceTree = BUILT_PRODUCTS_DIR; };
		1EA8C8442E016FB427E404D2 /* Pods-BulletJournalTests.debug.xcconfig */ = {isa = PBXFileReference; includeInIndex = 1; lastKnownFileType = text.xcconfig; name = "Pods-BulletJournalTests.debug.xcconfig"; path = "Target Support Files/Pods-BulletJournalTests/Pods-BulletJournalTests.debug.xcconfig"; sourceTree = "<group>"; };
		33F15194C48C1C31F0C664CB /* Pods_BulletJournal.framework */ = {isa = PBXFileReference; explicitFileType = wrapper.framework; includeInIndex = 0; path = Pods_BulletJournal.framework; sourceTree = BUILT_PRODUCTS_DIR; };
		56EA754A31D889F2AE89E394 /* Pods-BulletJournal-BulletJournalUITests.debug.xcconfig */ = {isa = PBXFileReference; includeInIndex = 1; lastKnownFileType = text.xcconfig; name = "Pods-BulletJournal-BulletJournalUITests.debug.xcconfig"; path = "Target Support Files/Pods-BulletJournal-BulletJournalUITests/Pods-BulletJournal-BulletJournalUITests.debug.xcconfig"; sourceTree = "<group>"; };
		666EB844025B964832EE89D9 /* Pods-BulletJournal.debug.xcconfig */ = {isa = PBXFileReference; includeInIndex = 1; lastKnownFileType = text.xcconfig; name = "Pods-BulletJournal.debug.xcconfig"; path = "Target Support Files/Pods-BulletJournal/Pods-BulletJournal.debug.xcconfig"; sourceTree = "<group>"; };
		933FCFDEAC2A16EA32CB3628 /* Pods-BulletJournal.release.xcconfig */ = {isa = PBXFileReference; includeInIndex = 1; lastKnownFileType = text.xcconfig; name = "Pods-BulletJournal.release.xcconfig"; path = "Target Support Files/Pods-BulletJournal/Pods-BulletJournal.release.xcconfig"; sourceTree = "<group>"; };
		94E35960269DE7EB00BE6A09 /* BulletJournal.app */ = {isa = PBXFileReference; explicitFileType = wrapper.application; includeInIndex = 0; path = BulletJournal.app; sourceTree = BUILT_PRODUCTS_DIR; };
		94E35963269DE7EB00BE6A09 /* AppDelegate.h */ = {isa = PBXFileReference; lastKnownFileType = sourcecode.c.h; path = AppDelegate.h; sourceTree = "<group>"; };
		94E35964269DE7EB00BE6A09 /* AppDelegate.m */ = {isa = PBXFileReference; lastKnownFileType = sourcecode.c.objc; path = AppDelegate.m; sourceTree = "<group>"; };
		94E35966269DE7EB00BE6A09 /* SceneDelegate.h */ = {isa = PBXFileReference; lastKnownFileType = sourcecode.c.h; path = SceneDelegate.h; sourceTree = "<group>"; };
		94E35967269DE7EB00BE6A09 /* SceneDelegate.m */ = {isa = PBXFileReference; lastKnownFileType = sourcecode.c.objc; path = SceneDelegate.m; sourceTree = "<group>"; };
		94E3596D269DE7EB00BE6A09 /* Base */ = {isa = PBXFileReference; lastKnownFileType = file.storyboard; name = Base; path = Base.lproj/Main.storyboard; sourceTree = "<group>"; };
		94E3596F269DE7EC00BE6A09 /* Assets.xcassets */ = {isa = PBXFileReference; lastKnownFileType = folder.assetcatalog; path = Assets.xcassets; sourceTree = "<group>"; };
		94E35972269DE7EC00BE6A09 /* Base */ = {isa = PBXFileReference; lastKnownFileType = file.storyboard; name = Base; path = Base.lproj/LaunchScreen.storyboard; sourceTree = "<group>"; };
		94E35974269DE7EC00BE6A09 /* Info.plist */ = {isa = PBXFileReference; lastKnownFileType = text.plist.xml; path = Info.plist; sourceTree = "<group>"; };
		94E35975269DE7EC00BE6A09 /* main.m */ = {isa = PBXFileReference; lastKnownFileType = sourcecode.c.objc; path = main.m; sourceTree = "<group>"; };
		94E3597B269DE7EC00BE6A09 /* BulletJournalTests.xctest */ = {isa = PBXFileReference; explicitFileType = wrapper.cfbundle; includeInIndex = 0; path = BulletJournalTests.xctest; sourceTree = BUILT_PRODUCTS_DIR; };
		94E3597F269DE7EC00BE6A09 /* BulletJournalTests.m */ = {isa = PBXFileReference; lastKnownFileType = sourcecode.c.objc; path = BulletJournalTests.m; sourceTree = "<group>"; };
		94E35981269DE7EC00BE6A09 /* Info.plist */ = {isa = PBXFileReference; lastKnownFileType = text.plist.xml; path = Info.plist; sourceTree = "<group>"; };
		94E35986269DE7EC00BE6A09 /* BulletJournalUITests.xctest */ = {isa = PBXFileReference; explicitFileType = wrapper.cfbundle; includeInIndex = 0; path = BulletJournalUITests.xctest; sourceTree = BUILT_PRODUCTS_DIR; };
		94E3598A269DE7EC00BE6A09 /* BulletJournalUITests.m */ = {isa = PBXFileReference; lastKnownFileType = sourcecode.c.objc; path = BulletJournalUITests.m; sourceTree = "<group>"; };
		94E3598C269DE7EC00BE6A09 /* Info.plist */ = {isa = PBXFileReference; lastKnownFileType = text.plist.xml; path = Info.plist; sourceTree = "<group>"; };
		94E35999269F554F00BE6A09 /* HomeViewController.h */ = {isa = PBXFileReference; lastKnownFileType = sourcecode.c.h; path = HomeViewController.h; sourceTree = "<group>"; };
		94E3599A269F554F00BE6A09 /* HomeViewController.m */ = {isa = PBXFileReference; lastKnownFileType = sourcecode.c.objc; path = HomeViewController.m; sourceTree = "<group>"; };
		94E3599C269F5F9400BE6A09 /* LoginViewController.h */ = {isa = PBXFileReference; lastKnownFileType = sourcecode.c.h; path = LoginViewController.h; sourceTree = "<group>"; };
		94E3599D269F5F9400BE6A09 /* LoginViewController.m */ = {isa = PBXFileReference; lastKnownFileType = sourcecode.c.objc; path = LoginViewController.m; sourceTree = "<group>"; };
		94E3599F269F5FD900BE6A09 /* DailyTodoViewController.h */ = {isa = PBXFileReference; lastKnownFileType = sourcecode.c.h; path = DailyTodoViewController.h; sourceTree = "<group>"; };
		94E359A0269F5FD900BE6A09 /* DailyTodoViewController.m */ = {isa = PBXFileReference; lastKnownFileType = sourcecode.c.objc; path = DailyTodoViewController.m; sourceTree = "<group>"; };
		94E359A2269F5FEC00BE6A09 /* DailyReviewViewController.h */ = {isa = PBXFileReference; lastKnownFileType = sourcecode.c.h; path = DailyReviewViewController.h; sourceTree = "<group>"; };
		94E359A3269F5FEC00BE6A09 /* DailyReviewViewController.m */ = {isa = PBXFileReference; lastKnownFileType = sourcecode.c.objc; path = DailyReviewViewController.m; sourceTree = "<group>"; };
		94E359A5269F600600BE6A09 /* CollectionsViewController.h */ = {isa = PBXFileReference; lastKnownFileType = sourcecode.c.h; path = CollectionsViewController.h; sourceTree = "<group>"; };
		94E359A6269F600600BE6A09 /* CollectionsViewController.m */ = {isa = PBXFileReference; lastKnownFileType = sourcecode.c.objc; path = CollectionsViewController.m; sourceTree = "<group>"; };
		94E359A926A0EE6800BE6A09 /* Bullet.h */ = {isa = PBXFileReference; lastKnownFileType = sourcecode.c.h; path = Bullet.h; sourceTree = "<group>"; };
		94E359AA26A0EE6800BE6A09 /* Bullet.m */ = {isa = PBXFileReference; lastKnownFileType = sourcecode.c.objc; path = Bullet.m; sourceTree = "<group>"; };
		94E359AC26A0EE9600BE6A09 /* BulletCell.h */ = {isa = PBXFileReference; lastKnownFileType = sourcecode.c.h; path = BulletCell.h; sourceTree = "<group>"; };
		94E359AD26A0EE9600BE6A09 /* BulletCell.m */ = {isa = PBXFileReference; lastKnownFileType = sourcecode.c.objc; path = BulletCell.m; sourceTree = "<group>"; };
		94E359B226A0EFEC00BE6A09 /* Flair.h */ = {isa = PBXFileReference; lastKnownFileType = sourcecode.c.h; path = Flair.h; sourceTree = "<group>"; };
		94E359B326A0EFEC00BE6A09 /* Flair.m */ = {isa = PBXFileReference; lastKnownFileType = sourcecode.c.objc; path = Flair.m; sourceTree = "<group>"; };
		94E359B526A0F59800BE6A09 /* User.h */ = {isa = PBXFileReference; lastKnownFileType = sourcecode.c.h; path = User.h; sourceTree = "<group>"; };
		94E359B626A0F59800BE6A09 /* User.m */ = {isa = PBXFileReference; lastKnownFileType = sourcecode.c.objc; path = User.m; sourceTree = "<group>"; };
		94E359B826A5C31800BE6A09 /* CalendarViewController.h */ = {isa = PBXFileReference; lastKnownFileType = sourcecode.c.h; path = CalendarViewController.h; sourceTree = "<group>"; };
		94E359B926A5C31800BE6A09 /* CalendarViewController.m */ = {isa = PBXFileReference; lastKnownFileType = sourcecode.c.objc; path = CalendarViewController.m; sourceTree = "<group>"; };
		94E359BB26A5D82200BE6A09 /* AddBulletViewController.h */ = {isa = PBXFileReference; lastKnownFileType = sourcecode.c.h; path = AddBulletViewController.h; sourceTree = "<group>"; };
		94E359BC26A5D82200BE6A09 /* AddBulletViewController.m */ = {isa = PBXFileReference; lastKnownFileType = sourcecode.c.objc; path = AddBulletViewController.m; sourceTree = "<group>"; };
		94E359BE26A6175400BE6A09 /* EditBulletViewController.h */ = {isa = PBXFileReference; lastKnownFileType = sourcecode.c.h; path = EditBulletViewController.h; sourceTree = "<group>"; };
		94E359BF26A6175400BE6A09 /* EditBulletViewController.m */ = {isa = PBXFileReference; lastKnownFileType = sourcecode.c.objc; path = EditBulletViewController.m; sourceTree = "<group>"; };
		966C6BFF9ABE8CCCEB6CB2B1 /* Pods_BulletJournalTests.framework */ = {isa = PBXFileReference; explicitFileType = wrapper.framework; includeInIndex = 0; path = Pods_BulletJournalTests.framework; sourceTree = BUILT_PRODUCTS_DIR; };
		D091A3E77DD5920B95353BBC /* Pods-BulletJournalTests.release.xcconfig */ = {isa = PBXFileReference; includeInIndex = 1; lastKnownFileType = text.xcconfig; name = "Pods-BulletJournalTests.release.xcconfig"; path = "Target Support Files/Pods-BulletJournalTests/Pods-BulletJournalTests.release.xcconfig"; sourceTree = "<group>"; };
		F07026697D7A843DE6E5A55A /* Pods-BulletJournal-BulletJournalUITests.release.xcconfig */ = {isa = PBXFileReference; includeInIndex = 1; lastKnownFileType = text.xcconfig; name = "Pods-BulletJournal-BulletJournalUITests.release.xcconfig"; path = "Target Support Files/Pods-BulletJournal-BulletJournalUITests/Pods-BulletJournal-BulletJournalUITests.release.xcconfig"; sourceTree = "<group>"; };
/* End PBXFileReference section */

/* Begin PBXFrameworksBuildPhase section */
		94E3595D269DE7EB00BE6A09 /* Frameworks */ = {
			isa = PBXFrameworksBuildPhase;
			buildActionMask = 2147483647;
			files = (
				42DADB8B4F414A9F88394B87 /* Pods_BulletJournal.framework in Frameworks */,
			);
			runOnlyForDeploymentPostprocessing = 0;
		};
		94E35978269DE7EC00BE6A09 /* Frameworks */ = {
			isa = PBXFrameworksBuildPhase;
			buildActionMask = 2147483647;
			files = (
				519082F5F5AAB4E5137FAC4D /* Pods_BulletJournalTests.framework in Frameworks */,
			);
			runOnlyForDeploymentPostprocessing = 0;
		};
		94E35983269DE7EC00BE6A09 /* Frameworks */ = {
			isa = PBXFrameworksBuildPhase;
			buildActionMask = 2147483647;
			files = (
				562C166E47EFE057852FE998 /* Pods_BulletJournal_BulletJournalUITests.framework in Frameworks */,
			);
			runOnlyForDeploymentPostprocessing = 0;
		};
/* End PBXFrameworksBuildPhase section */

/* Begin PBXGroup section */
		70A65B5056625637CBFB80F4 /* Pods */ = {
			isa = PBXGroup;
			children = (
				666EB844025B964832EE89D9 /* Pods-BulletJournal.debug.xcconfig */,
				933FCFDEAC2A16EA32CB3628 /* Pods-BulletJournal.release.xcconfig */,
				56EA754A31D889F2AE89E394 /* Pods-BulletJournal-BulletJournalUITests.debug.xcconfig */,
				F07026697D7A843DE6E5A55A /* Pods-BulletJournal-BulletJournalUITests.release.xcconfig */,
				1EA8C8442E016FB427E404D2 /* Pods-BulletJournalTests.debug.xcconfig */,
				D091A3E77DD5920B95353BBC /* Pods-BulletJournalTests.release.xcconfig */,
			);
			path = Pods;
			sourceTree = "<group>";
		};
		94E35957269DE7EB00BE6A09 = {
			isa = PBXGroup;
			children = (
				94E35962269DE7EB00BE6A09 /* BulletJournal */,
				94E3597E269DE7EC00BE6A09 /* BulletJournalTests */,
				94E35989269DE7EC00BE6A09 /* BulletJournalUITests */,
				94E35961269DE7EB00BE6A09 /* Products */,
				70A65B5056625637CBFB80F4 /* Pods */,
				C7D0AC2380388CFC3570C905 /* Frameworks */,
			);
			sourceTree = "<group>";
		};
		94E35961269DE7EB00BE6A09 /* Products */ = {
			isa = PBXGroup;
			children = (
				94E35960269DE7EB00BE6A09 /* BulletJournal.app */,
				94E3597B269DE7EC00BE6A09 /* BulletJournalTests.xctest */,
				94E35986269DE7EC00BE6A09 /* BulletJournalUITests.xctest */,
			);
			name = Products;
			sourceTree = "<group>";
		};
		94E35962269DE7EB00BE6A09 /* BulletJournal */ = {
			isa = PBXGroup;
			children = (
				94E359A826A0EE3D00BE6A09 /* Models */,
				94E35998269F553300BE6A09 /* View Controllers */,
				94E35963269DE7EB00BE6A09 /* AppDelegate.h */,
				94E35964269DE7EB00BE6A09 /* AppDelegate.m */,
				94E35966269DE7EB00BE6A09 /* SceneDelegate.h */,
				94E35967269DE7EB00BE6A09 /* SceneDelegate.m */,
				94E3596C269DE7EB00BE6A09 /* Main.storyboard */,
				94E3596F269DE7EC00BE6A09 /* Assets.xcassets */,
				94E35971269DE7EC00BE6A09 /* LaunchScreen.storyboard */,
				94E35974269DE7EC00BE6A09 /* Info.plist */,
				94E35975269DE7EC00BE6A09 /* main.m */,
			);
			path = BulletJournal;
			sourceTree = "<group>";
		};
		94E3597E269DE7EC00BE6A09 /* BulletJournalTests */ = {
			isa = PBXGroup;
			children = (
				94E3597F269DE7EC00BE6A09 /* BulletJournalTests.m */,
				94E35981269DE7EC00BE6A09 /* Info.plist */,
			);
			path = BulletJournalTests;
			sourceTree = "<group>";
		};
		94E35989269DE7EC00BE6A09 /* BulletJournalUITests */ = {
			isa = PBXGroup;
			children = (
				94E3598A269DE7EC00BE6A09 /* BulletJournalUITests.m */,
				94E3598C269DE7EC00BE6A09 /* Info.plist */,
			);
			path = BulletJournalUITests;
			sourceTree = "<group>";
		};
		94E35998269F553300BE6A09 /* View Controllers */ = {
			isa = PBXGroup;
			children = (
				94E35999269F554F00BE6A09 /* HomeViewController.h */,
				94E3599A269F554F00BE6A09 /* HomeViewController.m */,
				94E3599C269F5F9400BE6A09 /* LoginViewController.h */,
				94E3599D269F5F9400BE6A09 /* LoginViewController.m */,
				94E3599F269F5FD900BE6A09 /* DailyTodoViewController.h */,
				94E359A0269F5FD900BE6A09 /* DailyTodoViewController.m */,
				94E359A2269F5FEC00BE6A09 /* DailyReviewViewController.h */,
				94E359A3269F5FEC00BE6A09 /* DailyReviewViewController.m */,
				94E359A5269F600600BE6A09 /* CollectionsViewController.h */,
				94E359A6269F600600BE6A09 /* CollectionsViewController.m */,
				94E359B826A5C31800BE6A09 /* CalendarViewController.h */,
				94E359B926A5C31800BE6A09 /* CalendarViewController.m */,
				94E359BB26A5D82200BE6A09 /* AddBulletViewController.h */,
				94E359BC26A5D82200BE6A09 /* AddBulletViewController.m */,
				94E359BE26A6175400BE6A09 /* EditBulletViewController.h */,
				94E359BF26A6175400BE6A09 /* EditBulletViewController.m */,
			);
			path = "View Controllers";
			sourceTree = "<group>";
		};
		94E359A826A0EE3D00BE6A09 /* Models */ = {
			isa = PBXGroup;
			children = (
				94E359A926A0EE6800BE6A09 /* Bullet.h */,
				94E359AA26A0EE6800BE6A09 /* Bullet.m */,
				94E359AC26A0EE9600BE6A09 /* BulletCell.h */,
				94E359AD26A0EE9600BE6A09 /* BulletCell.m */,
				94E359B226A0EFEC00BE6A09 /* Flair.h */,
				94E359B326A0EFEC00BE6A09 /* Flair.m */,
				94E359B526A0F59800BE6A09 /* User.h */,
				94E359B626A0F59800BE6A09 /* User.m */,
			);
			path = Models;
			sourceTree = "<group>";
		};
		C7D0AC2380388CFC3570C905 /* Frameworks */ = {
			isa = PBXGroup;
			children = (
				33F15194C48C1C31F0C664CB /* Pods_BulletJournal.framework */,
				1D17FDA2B4C906CA86613658 /* Pods_BulletJournal_BulletJournalUITests.framework */,
				966C6BFF9ABE8CCCEB6CB2B1 /* Pods_BulletJournalTests.framework */,
			);
			name = Frameworks;
			sourceTree = "<group>";
		};
/* End PBXGroup section */

/* Begin PBXNativeTarget section */
		94E3595F269DE7EB00BE6A09 /* BulletJournal */ = {
			isa = PBXNativeTarget;
			buildConfigurationList = 94E3598F269DE7EC00BE6A09 /* Build configuration list for PBXNativeTarget "BulletJournal" */;
			buildPhases = (
				F936170478FC7FF35C33FF8B /* [CP] Check Pods Manifest.lock */,
				94E3595C269DE7EB00BE6A09 /* Sources */,
				94E3595D269DE7EB00BE6A09 /* Frameworks */,
				94E3595E269DE7EB00BE6A09 /* Resources */,
				BBB06D8B3B54480336E5777B /* [CP] Embed Pods Frameworks */,
			);
			buildRules = (
			);
			dependencies = (
			);
			name = BulletJournal;
			productName = BulletJournal;
			productReference = 94E35960269DE7EB00BE6A09 /* BulletJournal.app */;
			productType = "com.apple.product-type.application";
		};
		94E3597A269DE7EC00BE6A09 /* BulletJournalTests */ = {
			isa = PBXNativeTarget;
			buildConfigurationList = 94E35992269DE7EC00BE6A09 /* Build configuration list for PBXNativeTarget "BulletJournalTests" */;
			buildPhases = (
				49129ECF55EF260D78C9AF5E /* [CP] Check Pods Manifest.lock */,
				94E35977269DE7EC00BE6A09 /* Sources */,
				94E35978269DE7EC00BE6A09 /* Frameworks */,
				94E35979269DE7EC00BE6A09 /* Resources */,
			);
			buildRules = (
			);
			dependencies = (
				94E3597D269DE7EC00BE6A09 /* PBXTargetDependency */,
			);
			name = BulletJournalTests;
			productName = BulletJournalTests;
			productReference = 94E3597B269DE7EC00BE6A09 /* BulletJournalTests.xctest */;
			productType = "com.apple.product-type.bundle.unit-test";
		};
		94E35985269DE7EC00BE6A09 /* BulletJournalUITests */ = {
			isa = PBXNativeTarget;
			buildConfigurationList = 94E35995269DE7EC00BE6A09 /* Build configuration list for PBXNativeTarget "BulletJournalUITests" */;
			buildPhases = (
				8F393E9D92D7D69FA8EC595D /* [CP] Check Pods Manifest.lock */,
				94E35982269DE7EC00BE6A09 /* Sources */,
				94E35983269DE7EC00BE6A09 /* Frameworks */,
				94E35984269DE7EC00BE6A09 /* Resources */,
				523FAA14BB6F83A584F7AB74 /* [CP] Embed Pods Frameworks */,
			);
			buildRules = (
			);
			dependencies = (
				94E35988269DE7EC00BE6A09 /* PBXTargetDependency */,
			);
			name = BulletJournalUITests;
			productName = BulletJournalUITests;
			productReference = 94E35986269DE7EC00BE6A09 /* BulletJournalUITests.xctest */;
			productType = "com.apple.product-type.bundle.ui-testing";
		};
/* End PBXNativeTarget section */

/* Begin PBXProject section */
		94E35958269DE7EB00BE6A09 /* Project object */ = {
			isa = PBXProject;
			attributes = {
				LastUpgradeCheck = 1250;
				TargetAttributes = {
					94E3595F269DE7EB00BE6A09 = {
						CreatedOnToolsVersion = 12.5.1;
					};
					94E3597A269DE7EC00BE6A09 = {
						CreatedOnToolsVersion = 12.5.1;
						TestTargetID = 94E3595F269DE7EB00BE6A09;
					};
					94E35985269DE7EC00BE6A09 = {
						CreatedOnToolsVersion = 12.5.1;
						TestTargetID = 94E3595F269DE7EB00BE6A09;
					};
				};
			};
			buildConfigurationList = 94E3595B269DE7EB00BE6A09 /* Build configuration list for PBXProject "BulletJournal" */;
			compatibilityVersion = "Xcode 9.3";
			developmentRegion = en;
			hasScannedForEncodings = 0;
			knownRegions = (
				en,
				Base,
			);
			mainGroup = 94E35957269DE7EB00BE6A09;
			productRefGroup = 94E35961269DE7EB00BE6A09 /* Products */;
			projectDirPath = "";
			projectRoot = "";
			targets = (
				94E3595F269DE7EB00BE6A09 /* BulletJournal */,
				94E3597A269DE7EC00BE6A09 /* BulletJournalTests */,
				94E35985269DE7EC00BE6A09 /* BulletJournalUITests */,
			);
		};
/* End PBXProject section */

/* Begin PBXResourcesBuildPhase section */
		94E3595E269DE7EB00BE6A09 /* Resources */ = {
			isa = PBXResourcesBuildPhase;
			buildActionMask = 2147483647;
			files = (
				94E35973269DE7EC00BE6A09 /* LaunchScreen.storyboard in Resources */,
				94E35970269DE7EC00BE6A09 /* Assets.xcassets in Resources */,
				94E3596E269DE7EB00BE6A09 /* Main.storyboard in Resources */,
			);
			runOnlyForDeploymentPostprocessing = 0;
		};
		94E35979269DE7EC00BE6A09 /* Resources */ = {
			isa = PBXResourcesBuildPhase;
			buildActionMask = 2147483647;
			files = (
			);
			runOnlyForDeploymentPostprocessing = 0;
		};
		94E35984269DE7EC00BE6A09 /* Resources */ = {
			isa = PBXResourcesBuildPhase;
			buildActionMask = 2147483647;
			files = (
			);
			runOnlyForDeploymentPostprocessing = 0;
		};
/* End PBXResourcesBuildPhase section */

/* Begin PBXShellScriptBuildPhase section */
		49129ECF55EF260D78C9AF5E /* [CP] Check Pods Manifest.lock */ = {
			isa = PBXShellScriptBuildPhase;
			buildActionMask = 2147483647;
			files = (
			);
			inputFileListPaths = (
			);
			inputPaths = (
				"${PODS_PODFILE_DIR_PATH}/Podfile.lock",
				"${PODS_ROOT}/Manifest.lock",
			);
			name = "[CP] Check Pods Manifest.lock";
			outputFileListPaths = (
			);
			outputPaths = (
				"$(DERIVED_FILE_DIR)/Pods-BulletJournalTests-checkManifestLockResult.txt",
			);
			runOnlyForDeploymentPostprocessing = 0;
			shellPath = /bin/sh;
			shellScript = "diff \"${PODS_PODFILE_DIR_PATH}/Podfile.lock\" \"${PODS_ROOT}/Manifest.lock\" > /dev/null\nif [ $? != 0 ] ; then\n    # print error to STDERR\n    echo \"error: The sandbox is not in sync with the Podfile.lock. Run 'pod install' or update your CocoaPods installation.\" >&2\n    exit 1\nfi\n# This output is used by Xcode 'outputs' to avoid re-running this script phase.\necho \"SUCCESS\" > \"${SCRIPT_OUTPUT_FILE_0}\"\n";
			showEnvVarsInLog = 0;
		};
		523FAA14BB6F83A584F7AB74 /* [CP] Embed Pods Frameworks */ = {
			isa = PBXShellScriptBuildPhase;
			buildActionMask = 2147483647;
			files = (
			);
			inputFileListPaths = (
				"${PODS_ROOT}/Target Support Files/Pods-BulletJournal-BulletJournalUITests/Pods-BulletJournal-BulletJournalUITests-frameworks-${CONFIGURATION}-input-files.xcfilelist",
			);
			name = "[CP] Embed Pods Frameworks";
			outputFileListPaths = (
				"${PODS_ROOT}/Target Support Files/Pods-BulletJournal-BulletJournalUITests/Pods-BulletJournal-BulletJournalUITests-frameworks-${CONFIGURATION}-output-files.xcfilelist",
			);
			runOnlyForDeploymentPostprocessing = 0;
			shellPath = /bin/sh;
			shellScript = "\"${PODS_ROOT}/Target Support Files/Pods-BulletJournal-BulletJournalUITests/Pods-BulletJournal-BulletJournalUITests-frameworks.sh\"\n";
			showEnvVarsInLog = 0;
		};
		8F393E9D92D7D69FA8EC595D /* [CP] Check Pods Manifest.lock */ = {
			isa = PBXShellScriptBuildPhase;
			buildActionMask = 2147483647;
			files = (
			);
			inputFileListPaths = (
			);
			inputPaths = (
				"${PODS_PODFILE_DIR_PATH}/Podfile.lock",
				"${PODS_ROOT}/Manifest.lock",
			);
			name = "[CP] Check Pods Manifest.lock";
			outputFileListPaths = (
			);
			outputPaths = (
				"$(DERIVED_FILE_DIR)/Pods-BulletJournal-BulletJournalUITests-checkManifestLockResult.txt",
			);
			runOnlyForDeploymentPostprocessing = 0;
			shellPath = /bin/sh;
			shellScript = "diff \"${PODS_PODFILE_DIR_PATH}/Podfile.lock\" \"${PODS_ROOT}/Manifest.lock\" > /dev/null\nif [ $? != 0 ] ; then\n    # print error to STDERR\n    echo \"error: The sandbox is not in sync with the Podfile.lock. Run 'pod install' or update your CocoaPods installation.\" >&2\n    exit 1\nfi\n# This output is used by Xcode 'outputs' to avoid re-running this script phase.\necho \"SUCCESS\" > \"${SCRIPT_OUTPUT_FILE_0}\"\n";
			showEnvVarsInLog = 0;
		};
		BBB06D8B3B54480336E5777B /* [CP] Embed Pods Frameworks */ = {
			isa = PBXShellScriptBuildPhase;
			buildActionMask = 2147483647;
			files = (
			);
			inputFileListPaths = (
				"${PODS_ROOT}/Target Support Files/Pods-BulletJournal/Pods-BulletJournal-frameworks-${CONFIGURATION}-input-files.xcfilelist",
			);
			name = "[CP] Embed Pods Frameworks";
			outputFileListPaths = (
				"${PODS_ROOT}/Target Support Files/Pods-BulletJournal/Pods-BulletJournal-frameworks-${CONFIGURATION}-output-files.xcfilelist",
			);
			runOnlyForDeploymentPostprocessing = 0;
			shellPath = /bin/sh;
			shellScript = "\"${PODS_ROOT}/Target Support Files/Pods-BulletJournal/Pods-BulletJournal-frameworks.sh\"\n";
			showEnvVarsInLog = 0;
		};
		F936170478FC7FF35C33FF8B /* [CP] Check Pods Manifest.lock */ = {
			isa = PBXShellScriptBuildPhase;
			buildActionMask = 2147483647;
			files = (
			);
			inputFileListPaths = (
			);
			inputPaths = (
				"${PODS_PODFILE_DIR_PATH}/Podfile.lock",
				"${PODS_ROOT}/Manifest.lock",
			);
			name = "[CP] Check Pods Manifest.lock";
			outputFileListPaths = (
			);
			outputPaths = (
				"$(DERIVED_FILE_DIR)/Pods-BulletJournal-checkManifestLockResult.txt",
			);
			runOnlyForDeploymentPostprocessing = 0;
			shellPath = /bin/sh;
			shellScript = "diff \"${PODS_PODFILE_DIR_PATH}/Podfile.lock\" \"${PODS_ROOT}/Manifest.lock\" > /dev/null\nif [ $? != 0 ] ; then\n    # print error to STDERR\n    echo \"error: The sandbox is not in sync with the Podfile.lock. Run 'pod install' or update your CocoaPods installation.\" >&2\n    exit 1\nfi\n# This output is used by Xcode 'outputs' to avoid re-running this script phase.\necho \"SUCCESS\" > \"${SCRIPT_OUTPUT_FILE_0}\"\n";
			showEnvVarsInLog = 0;
		};
/* End PBXShellScriptBuildPhase section */

/* Begin PBXSourcesBuildPhase section */
		94E3595C269DE7EB00BE6A09 /* Sources */ = {
			isa = PBXSourcesBuildPhase;
			buildActionMask = 2147483647;
			files = (
				94E35965269DE7EB00BE6A09 /* AppDelegate.m in Sources */,
				94E35976269DE7EC00BE6A09 /* main.m in Sources */,
				94E35968269DE7EB00BE6A09 /* SceneDelegate.m in Sources */,
				94E3599B269F554F00BE6A09 /* HomeViewController.m in Sources */,
				94E359BD26A5D82200BE6A09 /* AddBulletViewController.m in Sources */,
				94E359A7269F600600BE6A09 /* CollectionsViewController.m in Sources */,
				94E359C026A6175400BE6A09 /* EditBulletViewController.m in Sources */,
				94E359AB26A0EE6800BE6A09 /* Bullet.m in Sources */,
				94E359BA26A5C31800BE6A09 /* CalendarViewController.m in Sources */,
				94E359A1269F5FD900BE6A09 /* DailyTodoViewController.m in Sources */,
				94E359AE26A0EE9600BE6A09 /* BulletCell.m in Sources */,
				94E359B726A0F59800BE6A09 /* User.m in Sources */,
				94E3599E269F5F9400BE6A09 /* LoginViewController.m in Sources */,
				94E359A4269F5FEC00BE6A09 /* DailyReviewViewController.m in Sources */,
				94E359B426A0EFEC00BE6A09 /* Flair.m in Sources */,
			);
			runOnlyForDeploymentPostprocessing = 0;
		};
		94E35977269DE7EC00BE6A09 /* Sources */ = {
			isa = PBXSourcesBuildPhase;
			buildActionMask = 2147483647;
			files = (
				94E35980269DE7EC00BE6A09 /* BulletJournalTests.m in Sources */,
			);
			runOnlyForDeploymentPostprocessing = 0;
		};
		94E35982269DE7EC00BE6A09 /* Sources */ = {
			isa = PBXSourcesBuildPhase;
			buildActionMask = 2147483647;
			files = (
				94E3598B269DE7EC00BE6A09 /* BulletJournalUITests.m in Sources */,
			);
			runOnlyForDeploymentPostprocessing = 0;
		};
/* End PBXSourcesBuildPhase section */

/* Begin PBXTargetDependency section */
		94E3597D269DE7EC00BE6A09 /* PBXTargetDependency */ = {
			isa = PBXTargetDependency;
			target = 94E3595F269DE7EB00BE6A09 /* BulletJournal */;
			targetProxy = 94E3597C269DE7EC00BE6A09 /* PBXContainerItemProxy */;
		};
		94E35988269DE7EC00BE6A09 /* PBXTargetDependency */ = {
			isa = PBXTargetDependency;
			target = 94E3595F269DE7EB00BE6A09 /* BulletJournal */;
			targetProxy = 94E35987269DE7EC00BE6A09 /* PBXContainerItemProxy */;
		};
/* End PBXTargetDependency section */

/* Begin PBXVariantGroup section */
		94E3596C269DE7EB00BE6A09 /* Main.storyboard */ = {
			isa = PBXVariantGroup;
			children = (
				94E3596D269DE7EB00BE6A09 /* Base */,
			);
			name = Main.storyboard;
			sourceTree = "<group>";
		};
		94E35971269DE7EC00BE6A09 /* LaunchScreen.storyboard */ = {
			isa = PBXVariantGroup;
			children = (
				94E35972269DE7EC00BE6A09 /* Base */,
			);
			name = LaunchScreen.storyboard;
			sourceTree = "<group>";
		};
/* End PBXVariantGroup section */

/* Begin XCBuildConfiguration section */
		94E3598D269DE7EC00BE6A09 /* Debug */ = {
			isa = XCBuildConfiguration;
			buildSettings = {
				ALWAYS_SEARCH_USER_PATHS = NO;
				CLANG_ANALYZER_NONNULL = YES;
				CLANG_ANALYZER_NUMBER_OBJECT_CONVERSION = YES_AGGRESSIVE;
				CLANG_CXX_LANGUAGE_STANDARD = "gnu++14";
				CLANG_CXX_LIBRARY = "libc++";
				CLANG_ENABLE_MODULES = YES;
				CLANG_ENABLE_OBJC_ARC = YES;
				CLANG_ENABLE_OBJC_WEAK = YES;
				CLANG_WARN_BLOCK_CAPTURE_AUTORELEASING = YES;
				CLANG_WARN_BOOL_CONVERSION = YES;
				CLANG_WARN_COMMA = YES;
				CLANG_WARN_CONSTANT_CONVERSION = YES;
				CLANG_WARN_DEPRECATED_OBJC_IMPLEMENTATIONS = YES;
				CLANG_WARN_DIRECT_OBJC_ISA_USAGE = YES_ERROR;
				CLANG_WARN_DOCUMENTATION_COMMENTS = YES;
				CLANG_WARN_EMPTY_BODY = YES;
				CLANG_WARN_ENUM_CONVERSION = YES;
				CLANG_WARN_INFINITE_RECURSION = YES;
				CLANG_WARN_INT_CONVERSION = YES;
				CLANG_WARN_NON_LITERAL_NULL_CONVERSION = YES;
				CLANG_WARN_OBJC_IMPLICIT_RETAIN_SELF = YES;
				CLANG_WARN_OBJC_LITERAL_CONVERSION = YES;
				CLANG_WARN_OBJC_ROOT_CLASS = YES_ERROR;
				CLANG_WARN_QUOTED_INCLUDE_IN_FRAMEWORK_HEADER = YES;
				CLANG_WARN_RANGE_LOOP_ANALYSIS = YES;
				CLANG_WARN_STRICT_PROTOTYPES = YES;
				CLANG_WARN_SUSPICIOUS_MOVE = YES;
				CLANG_WARN_UNGUARDED_AVAILABILITY = YES_AGGRESSIVE;
				CLANG_WARN_UNREACHABLE_CODE = YES;
				CLANG_WARN__DUPLICATE_METHOD_MATCH = YES;
				COPY_PHASE_STRIP = NO;
				DEBUG_INFORMATION_FORMAT = dwarf;
				ENABLE_STRICT_OBJC_MSGSEND = YES;
				ENABLE_TESTABILITY = YES;
				GCC_C_LANGUAGE_STANDARD = gnu11;
				GCC_DYNAMIC_NO_PIC = NO;
				GCC_NO_COMMON_BLOCKS = YES;
				GCC_OPTIMIZATION_LEVEL = 0;
				GCC_PREPROCESSOR_DEFINITIONS = (
					"DEBUG=1",
					"$(inherited)",
				);
				GCC_WARN_64_TO_32_BIT_CONVERSION = YES;
				GCC_WARN_ABOUT_RETURN_TYPE = YES_ERROR;
				GCC_WARN_UNDECLARED_SELECTOR = YES;
				GCC_WARN_UNINITIALIZED_AUTOS = YES_AGGRESSIVE;
				GCC_WARN_UNUSED_FUNCTION = YES;
				GCC_WARN_UNUSED_VARIABLE = YES;
				IPHONEOS_DEPLOYMENT_TARGET = 14.5;
				MTL_ENABLE_DEBUG_INFO = INCLUDE_SOURCE;
				MTL_FAST_MATH = YES;
				ONLY_ACTIVE_ARCH = YES;
				SDKROOT = iphoneos;
			};
			name = Debug;
		};
		94E3598E269DE7EC00BE6A09 /* Release */ = {
			isa = XCBuildConfiguration;
			buildSettings = {
				ALWAYS_SEARCH_USER_PATHS = NO;
				CLANG_ANALYZER_NONNULL = YES;
				CLANG_ANALYZER_NUMBER_OBJECT_CONVERSION = YES_AGGRESSIVE;
				CLANG_CXX_LANGUAGE_STANDARD = "gnu++14";
				CLANG_CXX_LIBRARY = "libc++";
				CLANG_ENABLE_MODULES = YES;
				CLANG_ENABLE_OBJC_ARC = YES;
				CLANG_ENABLE_OBJC_WEAK = YES;
				CLANG_WARN_BLOCK_CAPTURE_AUTORELEASING = YES;
				CLANG_WARN_BOOL_CONVERSION = YES;
				CLANG_WARN_COMMA = YES;
				CLANG_WARN_CONSTANT_CONVERSION = YES;
				CLANG_WARN_DEPRECATED_OBJC_IMPLEMENTATIONS = YES;
				CLANG_WARN_DIRECT_OBJC_ISA_USAGE = YES_ERROR;
				CLANG_WARN_DOCUMENTATION_COMMENTS = YES;
				CLANG_WARN_EMPTY_BODY = YES;
				CLANG_WARN_ENUM_CONVERSION = YES;
				CLANG_WARN_INFINITE_RECURSION = YES;
				CLANG_WARN_INT_CONVERSION = YES;
				CLANG_WARN_NON_LITERAL_NULL_CONVERSION = YES;
				CLANG_WARN_OBJC_IMPLICIT_RETAIN_SELF = YES;
				CLANG_WARN_OBJC_LITERAL_CONVERSION = YES;
				CLANG_WARN_OBJC_ROOT_CLASS = YES_ERROR;
				CLANG_WARN_QUOTED_INCLUDE_IN_FRAMEWORK_HEADER = YES;
				CLANG_WARN_RANGE_LOOP_ANALYSIS = YES;
				CLANG_WARN_STRICT_PROTOTYPES = YES;
				CLANG_WARN_SUSPICIOUS_MOVE = YES;
				CLANG_WARN_UNGUARDED_AVAILABILITY = YES_AGGRESSIVE;
				CLANG_WARN_UNREACHABLE_CODE = YES;
				CLANG_WARN__DUPLICATE_METHOD_MATCH = YES;
				COPY_PHASE_STRIP = NO;
				DEBUG_INFORMATION_FORMAT = "dwarf-with-dsym";
				ENABLE_NS_ASSERTIONS = NO;
				ENABLE_STRICT_OBJC_MSGSEND = YES;
				GCC_C_LANGUAGE_STANDARD = gnu11;
				GCC_NO_COMMON_BLOCKS = YES;
				GCC_WARN_64_TO_32_BIT_CONVERSION = YES;
				GCC_WARN_ABOUT_RETURN_TYPE = YES_ERROR;
				GCC_WARN_UNDECLARED_SELECTOR = YES;
				GCC_WARN_UNINITIALIZED_AUTOS = YES_AGGRESSIVE;
				GCC_WARN_UNUSED_FUNCTION = YES;
				GCC_WARN_UNUSED_VARIABLE = YES;
				IPHONEOS_DEPLOYMENT_TARGET = 14.5;
				MTL_ENABLE_DEBUG_INFO = NO;
				MTL_FAST_MATH = YES;
				SDKROOT = iphoneos;
				VALIDATE_PRODUCT = YES;
			};
			name = Release;
		};
		94E35990269DE7EC00BE6A09 /* Debug */ = {
			isa = XCBuildConfiguration;
			baseConfigurationReference = 666EB844025B964832EE89D9 /* Pods-BulletJournal.debug.xcconfig */;
			buildSettings = {
				ASSETCATALOG_COMPILER_APPICON_NAME = AppIcon;
				ASSETCATALOG_COMPILER_GLOBAL_ACCENT_COLOR_NAME = AccentColor;
				CODE_SIGN_STYLE = Automatic;
				DEVELOPMENT_TEAM = BR38JM45T5;
				INFOPLIST_FILE = BulletJournal/Info.plist;
				LD_RUNPATH_SEARCH_PATHS = (
					"$(inherited)",
					"@executable_path/Frameworks",
				);
				PRODUCT_BUNDLE_IDENTIFIER = com.og.tomisin.BulletJournal;
				PRODUCT_NAME = "$(TARGET_NAME)";
				TARGETED_DEVICE_FAMILY = "1,2";
			};
			name = Debug;
		};
		94E35991269DE7EC00BE6A09 /* Release */ = {
			isa = XCBuildConfiguration;
			baseConfigurationReference = 933FCFDEAC2A16EA32CB3628 /* Pods-BulletJournal.release.xcconfig */;
			buildSettings = {
				ASSETCATALOG_COMPILER_APPICON_NAME = AppIcon;
				ASSETCATALOG_COMPILER_GLOBAL_ACCENT_COLOR_NAME = AccentColor;
				CODE_SIGN_STYLE = Automatic;
				DEVELOPMENT_TEAM = BR38JM45T5;
				INFOPLIST_FILE = BulletJournal/Info.plist;
				LD_RUNPATH_SEARCH_PATHS = (
					"$(inherited)",
					"@executable_path/Frameworks",
				);
				PRODUCT_BUNDLE_IDENTIFIER = com.og.tomisin.BulletJournal;
				PRODUCT_NAME = "$(TARGET_NAME)";
				TARGETED_DEVICE_FAMILY = "1,2";
			};
			name = Release;
		};
		94E35993269DE7EC00BE6A09 /* Debug */ = {
			isa = XCBuildConfiguration;
			baseConfigurationReference = 1EA8C8442E016FB427E404D2 /* Pods-BulletJournalTests.debug.xcconfig */;
			buildSettings = {
				BUNDLE_LOADER = "$(TEST_HOST)";
				CODE_SIGN_STYLE = Automatic;
				DEVELOPMENT_TEAM = BR38JM45T5;
				INFOPLIST_FILE = BulletJournalTests/Info.plist;
				IPHONEOS_DEPLOYMENT_TARGET = 14.5;
				LD_RUNPATH_SEARCH_PATHS = (
					"$(inherited)",
					"@executable_path/Frameworks",
					"@loader_path/Frameworks",
				);
				PRODUCT_BUNDLE_IDENTIFIER = com.og.tomisin.BulletJournalTests;
				PRODUCT_NAME = "$(TARGET_NAME)";
				TARGETED_DEVICE_FAMILY = "1,2";
				TEST_HOST = "$(BUILT_PRODUCTS_DIR)/BulletJournal.app/BulletJournal";
			};
			name = Debug;
		};
		94E35994269DE7EC00BE6A09 /* Release */ = {
			isa = XCBuildConfiguration;
			baseConfigurationReference = D091A3E77DD5920B95353BBC /* Pods-BulletJournalTests.release.xcconfig */;
			buildSettings = {
				BUNDLE_LOADER = "$(TEST_HOST)";
				CODE_SIGN_STYLE = Automatic;
				DEVELOPMENT_TEAM = BR38JM45T5;
				INFOPLIST_FILE = BulletJournalTests/Info.plist;
				IPHONEOS_DEPLOYMENT_TARGET = 14.5;
				LD_RUNPATH_SEARCH_PATHS = (
					"$(inherited)",
					"@executable_path/Frameworks",
					"@loader_path/Frameworks",
				);
				PRODUCT_BUNDLE_IDENTIFIER = com.og.tomisin.BulletJournalTests;
				PRODUCT_NAME = "$(TARGET_NAME)";
				TARGETED_DEVICE_FAMILY = "1,2";
				TEST_HOST = "$(BUILT_PRODUCTS_DIR)/BulletJournal.app/BulletJournal";
			};
			name = Release;
		};
		94E35996269DE7EC00BE6A09 /* Debug */ = {
			isa = XCBuildConfiguration;
			baseConfigurationReference = 56EA754A31D889F2AE89E394 /* Pods-BulletJournal-BulletJournalUITests.debug.xcconfig */;
			buildSettings = {
				CODE_SIGN_STYLE = Automatic;
				DEVELOPMENT_TEAM = BR38JM45T5;
				INFOPLIST_FILE = BulletJournalUITests/Info.plist;
				LD_RUNPATH_SEARCH_PATHS = (
					"$(inherited)",
					"@executable_path/Frameworks",
					"@loader_path/Frameworks",
				);
				PRODUCT_BUNDLE_IDENTIFIER = com.og.tomisin.BulletJournalUITests;
				PRODUCT_NAME = "$(TARGET_NAME)";
				TARGETED_DEVICE_FAMILY = "1,2";
				TEST_TARGET_NAME = BulletJournal;
			};
			name = Debug;
		};
		94E35997269DE7EC00BE6A09 /* Release */ = {
			isa = XCBuildConfiguration;
			baseConfigurationReference = F07026697D7A843DE6E5A55A /* Pods-BulletJournal-BulletJournalUITests.release.xcconfig */;
			buildSettings = {
				CODE_SIGN_STYLE = Automatic;
				DEVELOPMENT_TEAM = BR38JM45T5;
				INFOPLIST_FILE = BulletJournalUITests/Info.plist;
				LD_RUNPATH_SEARCH_PATHS = (
					"$(inherited)",
					"@executable_path/Frameworks",
					"@loader_path/Frameworks",
				);
				PRODUCT_BUNDLE_IDENTIFIER = com.og.tomisin.BulletJournalUITests;
				PRODUCT_NAME = "$(TARGET_NAME)";
				TARGETED_DEVICE_FAMILY = "1,2";
				TEST_TARGET_NAME = BulletJournal;
			};
			name = Release;
		};
/* End XCBuildConfiguration section */

/* Begin XCConfigurationList section */
		94E3595B269DE7EB00BE6A09 /* Build configuration list for PBXProject "BulletJournal" */ = {
			isa = XCConfigurationList;
			buildConfigurations = (
				94E3598D269DE7EC00BE6A09 /* Debug */,
				94E3598E269DE7EC00BE6A09 /* Release */,
			);
			defaultConfigurationIsVisible = 0;
			defaultConfigurationName = Release;
		};
		94E3598F269DE7EC00BE6A09 /* Build configuration list for PBXNativeTarget "BulletJournal" */ = {
			isa = XCConfigurationList;
			buildConfigurations = (
				94E35990269DE7EC00BE6A09 /* Debug */,
				94E35991269DE7EC00BE6A09 /* Release */,
			);
			defaultConfigurationIsVisible = 0;
			defaultConfigurationName = Release;
		};
		94E35992269DE7EC00BE6A09 /* Build configuration list for PBXNativeTarget "BulletJournalTests" */ = {
			isa = XCConfigurationList;
			buildConfigurations = (
				94E35993269DE7EC00BE6A09 /* Debug */,
				94E35994269DE7EC00BE6A09 /* Release */,
			);
			defaultConfigurationIsVisible = 0;
			defaultConfigurationName = Release;
		};
		94E35995269DE7EC00BE6A09 /* Build configuration list for PBXNativeTarget "BulletJournalUITests" */ = {
			isa = XCConfigurationList;
			buildConfigurations = (
				94E35996269DE7EC00BE6A09 /* Debug */,
				94E35997269DE7EC00BE6A09 /* Release */,
			);
			defaultConfigurationIsVisible = 0;
			defaultConfigurationName = Release;
		};
/* End XCConfigurationList section */
	};
	rootObject = 94E35958269DE7EB00BE6A09 /* Project object */;
}
